
Microsoft Visual Studio Solution File, Format Version 12.00
# Visual Studio 2013
VisualStudioVersion = 12.0.40629.0
MinimumVisualStudioVersion = 10.0.40219.1
Project("{F184B08F-C81C-45F6-A57F-5ABD9991F28F}") = "DatabaseExample", "DatabaseExample\DatabaseExample.vbproj", "{C5317973-2E8F-49A2-9D93-C6EEFC92D757}"
EndProject
Project("{F184B08F-C81C-45F6-A57F-5ABD9991F28F}") = "Database", "..\Database\Database\Database.vbproj", "{49F8DD66-A759-4966-B376-66B32AAE0F0F}"
EndProject
Project("{F184B08F-C81C-45F6-A57F-5ABD9991F28F}") = "MdiAppExample", "MdiAppExample\MdiAppExample.vbproj", "{AC9A5735-2DA1-47D1-BDB9-35496A22D0F4}"
EndProject
Project("{F184B08F-C81C-45F6-A57F-5ABD9991F28F}") = "UserControlExample", "UserControlExample\UserControlExample.vbproj", "{A4E1328E-D54A-4B13-9C7B-046914320811}"
EndProject
Global
	GlobalSection(SolutionConfigurationPlatforms) = preSolution
		Debug|Any CPU = Debug|Any CPU
		Release|Any CPU = Release|Any CPU
	EndGlobalSection
	GlobalSection(ProjectConfigurationPlatforms) = postSolution
		{C5317973-2E8F-49A2-9D93-C6EEFC92D757}.Debug|Any CPU.ActiveCfg = Debug|Any CPU
		{C5317973-2E8F-49A2-9D93-C6EEFC92D757}.Debug|Any CPU.Build.0 = Debug|Any CPU
		{C5317973-2E8F-49A2-9D93-C6EEFC92D757}.Release|Any CPU.ActiveCfg = Release|Any CPU
		{C5317973-2E8F-49A2-9D93-C6EEFC92D757}.Release|Any CPU.Build.0 = Release|Any CPU
		{49F8DD66-A759-4966-B376-66B32AAE0F0F}.Debug|Any CPU.ActiveCfg = Debug|Any CPU
		{49F8DD66-A759-4966-B376-66B32AAE0F0F}.Debug|Any CPU.Build.0 = Debug|Any CPU
		{49F8DD66-A759-4966-B376-66B32AAE0F0F}.Release|Any CPU.ActiveCfg = Release|Any CPU
		{49F8DD66-A759-4966-B376-66B32AAE0F0F}.Release|Any CPU.Build.0 = Release|Any CPU
		{AC9A5735-2DA1-47D1-BDB9-35496A22D0F4}.Debug|Any CPU.ActiveCfg = Debug|Any CPU
		{AC9A5735-2DA1-47D1-BDB9-35496A22D0F4}.Debug|Any CPU.Build.0 = Debug|Any CPU
		{AC9A5735-2DA1-47D1-BDB9-35496A22D0F4}.Release|Any CPU.ActiveCfg = Release|Any CPU
		{AC9A5735-2DA1-47D1-BDB9-35496A22D0F4}.Release|Any CPU.Build.0 = Release|Any CPU
		{A4E1328E-D54A-4B13-9C7B-046914320811}.Debug|Any CPU.ActiveCfg = Debug|Any CPU
		{A4E1328E-D54A-4B13-9C7B-046914320811}.Debug|Any CPU.Build.0 = Debug|Any CPU
		{A4E1328E-D54A-4B13-9C7B-046914320811}.Release|Any CPU.ActiveCfg = Release|Any CPU
		{A4E1328E-D54A-4B13-9C7B-046914320811}.Release|Any CPU.Build.0 = Release|Any CPU
	EndGlobalSection
	GlobalSection(SolutionProperties) = preSolution
		HideSolutionNode = FALSE
	EndGlobalSection
EndGlobal
